
Microsoft Visual Studio Solution File, Format Version 12.00
# Visual Studio Version 17
VisualStudioVersion = 17.8.34316.72
MinimumVisualStudioVersion = 10.0.40219.1
Project("{FAE04EC0-301F-11D3-BF4B-00C04F79EFBC}") = "examenProjectSem1-WPF", "examenProjectSem1-WPF\examenProjectSem1-WPF.csproj", "{14D835F8-E149-468C-BE94-9BC321E2D601}"
EndProject
Global
	GlobalSection(SolutionConfigurationPlatforms) = preSolution
		Debug|Any CPU = Debug|Any CPU
		Release|Any CPU = Release|Any CPU
	EndGlobalSection
	GlobalSection(ProjectConfigurationPlatforms) = postSolution
		{14D835F8-E149-468C-BE94-9BC321E2D601}.Debug|Any CPU.ActiveCfg = Debug|Any CPU
		{14D835F8-E149-468C-BE94-9BC321E2D601}.Debug|Any CPU.Build.0 = Debug|Any CPU
		{14D835F8-E149-468C-BE94-9BC321E2D601}.Release|Any CPU.ActiveCfg = Release|Any CPU
		{14D835F8-E149-468C-BE94-9BC321E2D601}.Release|Any CPU.Build.0 = Release|Any CPU
	EndGlobalSection
	GlobalSection(SolutionProperties) = preSolution
		HideSolutionNode = FALSE
	EndGlobalSection
	GlobalSection(ExtensibilityGlobals) = postSolution
		SolutionGuid = {C192DE11-882F-4728-82AC-C4062301D2CD}
	EndGlobalSection
EndGlobal
